
Microsoft Visual Studio Solution File, Format Version 12.00
# Visual Studio 14
VisualStudioVersion = 14.0.24720.0
MinimumVisualStudioVersion = 10.0.40219.1
Project("{2150E333-8FDC-42A3-9474-1A3956D46DE8}") = "src", "src", "{B3112671-B023-43BC-85E2-3EA18A99DB82}"
EndProject
Project("{2150E333-8FDC-42A3-9474-1A3956D46DE8}") = "Solution Items", "Solution Items", "{CB33B31D-E44D-4AAB-A259-EFF90204ED72}"
	ProjectSection(SolutionItems) = preProject
		global.json = global.json
	EndProjectSection
EndProject
Project("{8BB2217D-0F2D-49D1-97BC-3654ED321F3B}") = "NannyApp", "src\NannyApp\NannyApp.xproj", "{D56F759F-89B1-411D-9D1D-D5FAC2260D4D}"
EndProject
Global
	GlobalSection(SolutionConfigurationPlatforms) = preSolution
		Debug|Any CPU = Debug|Any CPU
		Release|Any CPU = Release|Any CPU
	EndGlobalSection
	GlobalSection(ProjectConfigurationPlatforms) = postSolution
		{D56F759F-89B1-411D-9D1D-D5FAC2260D4D}.Debug|Any CPU.ActiveCfg = Debug|Any CPU
		{D56F759F-89B1-411D-9D1D-D5FAC2260D4D}.Debug|Any CPU.Build.0 = Debug|Any CPU
		{D56F759F-89B1-411D-9D1D-D5FAC2260D4D}.Release|Any CPU.ActiveCfg = Release|Any CPU
		{D56F759F-89B1-411D-9D1D-D5FAC2260D4D}.Release|Any CPU.Build.0 = Release|Any CPU
	EndGlobalSection
	GlobalSection(SolutionProperties) = preSolution
		HideSolutionNode = FALSE
	EndGlobalSection
	GlobalSection(NestedProjects) = preSolution
		{D56F759F-89B1-411D-9D1D-D5FAC2260D4D} = {B3112671-B023-43BC-85E2-3EA18A99DB82}
	EndGlobalSection
EndGlobal
